github.com/andybalholm/brotli v1.0.0 h1:7UCwP93aiSfvWpapti8g88vVVGp2qqtGyePsSuDafo4=
github.com/andybalholm/brotli v1.0.0/go.mod h1:loMXtMfwqflxFJPmdbJO0a3KNoPuLBgiu3qAvBg8x/Y=
github.com/davecgh/go-spew v1.1.0/go.mod h1:J7Y8YcW2NihsgmVo/mv3lAwl/skON4iLHjSsI+c5H38=
github.com/davecgh/go-spew v1.1.1/go.mod h1:J7Y8YcW2NihsgmVo/mv3lAwl/skON4iLHjSsI+c5H38=
github.com/deadcheat/goblet v1.3.1/go.mod h1:IrMNyAwyrVgB30HsND2WgleTUM4wHTS9m40yNY6NJQg=
github.com/deadcheat/gonch v0.0.0-20180528124129-c2ff7a019863/go.mod h1:/5mH3gAuXUxGN3maOBAxBfB8RXvP9tBIX5fx2x1k0V0=
github.com/dgrijalva/jwt-go v3.2.0+incompatible/go.mod h1:E3ru+11k8xSBh+hMPgOLZmtrrCbhqsmaPHjLKYnJCaQ=
github.com/erikdubbelboer/fasthttp v1.1.0 h1:1h8nFbBnO6EREMsWeosk+aOOedRnxLwLLN6uIiSJdqY=
github.com/erikdubbelboer/fasthttp v1.1.0/go.mod h1:YojgAq9LRzThKTCQ/sS70/T2cQqMC2Gen0Vu7iCisxg=
github.com/golang/mock v1.1.1/go.mod h1:oTYuIxOrZwtPieC+H1uAHpcLFnEyAGVDL/k47Jfbm0A=
github.com/google/go-cmp v0.5.2 h1:X2ev0eStA3AbceY54o37/0PQ/UWqKEiiO2dKL5OPaFM=
github.com/google/go-cmp v0.5.2/go.mod h1:v8dTdLbMG2kIc/vJvl+f65V22dbkXbowE6jgT/gNBxE=
github.com/jackwhelpton/fasthttp-routing v1.0.0 h1:7I66sRq//9IMroX1HgJqGs9we3AVroI/y44I0jYSSaM=
github.com/jackwhelpton/fasthttp-routing v1.0.0/go.mod h1:va5IlBy6Iw0PdzkU0KudovWLSjBOPCuJ50s5o3oAxps=
github.com/jackwhelpton/fasthttp-routing/v2 v2.0.0 h1:8l02CX1twfboGPYJGLWgvPsxa5mufBJ+v9dzufIFJnM=
github.com/jackwhelpton/fasthttp-routing/v2 v2.0.0/go.mod h1:k1L/oz6KIjvkPH4QOk+iQNy6Qb6hKr1q/MoeAIAceAw=
github.com/klauspost/compress v1.4.0/go.mod h1:RyIbtBH6LamlWaDj8nUwkbUhJ87Yi3uG0guNDohfE1A=
github.com/klauspost/compress v1.10.7 h1:7rix8v8GpI3ZBb0nSozFRgbtXKv+hOe+qfEpZqybrAg=
github.com/klauspost/compress v1.10.7/go.mod h1:aoV0uJVorq1K+umq18yTdKaF57EivdYsUV+/s2qKfXs=
github.com/klauspost/cpuid v0.0.0-20180405133222-e7e905edc00e/go.mod h1:Pj4uuM528wm8OyEC2QMXAi2YiTZ96dNQPGgoMS4s3ek=
github.com/kyoh86/richgo v0.3.3 h1:fW7ygWNMg1INcX3Yoha9v1C5nYlvd/IodJUf0Batz6Q=
github.com/kyoh86/richgo v0.3.3/go.mod h1:S65jllVRxBm59fqIXfCa3cPxQYRT9u9v45EPQVeuoH0=
github.com/kyoh86/xdg v0.0.0-20171007020617-d28e4c5d7b81 h1:C2Yb5TxdHWrtWXdf+j8xWW4QQu8lXuxtj1UOK816dpA=
github.com/kyoh86/xdg v0.0.0-20171007020617-d28e4c5d7b81/go.mod h1:Z5mDqe0fxyxn3W2yTxsBAOQqIrXADQIh02wrTnaRM38=
github.com/mattn/go-isatty v0.0.0-20170925054904-a5cdd64afdee h1:tUyoJR5V1TdXnTh9v8c1YAHvDdut2+zkuyUX3gAY/wI=
github.com/mattn/go-isatty v0.0.0-20170925054904-a5cdd64afdee/go.mod h1:M+lRXTBqGeGNdLjl/ufCoiOlB5xdOkqRJdNxMWT7Zi4=
github.com/morikuni/aec v0.0.0-20170113033406-39771216ff4c h1:nXxl5PrvVm2L/wCy8dQu6DMTwH4oIuGN8GJDAlqDdVE=
github.com/morikuni/aec v0.0.0-20170113033406-39771216ff4c/go.mod h1:BbKIizmSmc5MMPqRYbxO4ZU0S0+P200+tUnFx7PXmsc=
github.com/pkg/errors v0.9.1 h1:FEBLx1zS214owpjy7qsBeixbURkuhQAwrK5UwLGTwt4=
github.com/pkg/errors v0.9.1/go.mod h1:bwawxfHBFNV+L2hUp1rHADufV3IMtnDRdf1r5NINEl0=
github.com/pmezard/go-difflib v1.0.0/go.mod h1:iKH77koFhYxTK1pcRnkKkqfTogsbg7gZNVY4sRDYZ/4=
github.com/stretchr/testify v1.1.4/go.mod h1:a8OnRcib4nhh0OaRAV+Yts87kKdq0PP7pXfy6kDkUVs=
github.com/stretchr/testify v1.2.2/go.mod h1:a8OnRcib4nhh0OaRAV+Yts87kKdq0PP7pXfy6kDkUVs=
github.com/urfave/cli v1.20.0/go.mod h1:70zkFmudgCuE/ngEzBv17Jvp/497gISqfk5gWijbERA=
github.com/valyala/bytebufferpool v0.0.0-20160817181652-e746df99fe4a/go.mod h1:6bBcMArwyJ5K/AmCkWv1jt77kVWyCJ6HpOuEn7z0Csc=
github.com/valyala/bytebufferpool v1.0.0 h1:GqA5TC/0021Y/b9FG4Oi9Mr3q7XYx6KllzawFIhcdPw=
github.com/valyala/bytebufferpool v1.0.0/go.mod h1:6bBcMArwyJ5K/AmCkWv1jt77kVWyCJ6HpOuEn7z0Csc=
github.com/valyala/fasthttp v1.0.0/go.mod h1:4vX61m6KN+xDduDNwXrhIAVZaZaZiQ1luJk8LWSxF3s=
github.com/valyala/fasthttp v1.15.1 h1:eRb5jzWhbCn/cGu3gNJMcOfPUfXgXCcQIOHjh9ajAS8=
github.com/valyala/fasthttp v1.15.1/go.mod h1:YOKImeEosDdBPnxc0gy7INqi3m1zK6A+xl6TwOBhHCA=
github.com/valyala/tcplisten v0.0.0-20161114210144-ceec8f93295a/go.mod h1:v3UYOV9WzVtRmSR+PDvWpU/qWl4Wa5LApYYX4ZtKbio=
github.com/wacul/ptr v0.0.0-20170209030335-91632201dfc8 h1:js9Z9dWq50Ttu4D1YRqgS1gkSgRfpKp+rMza4io7qNw=
github.com/wacul/ptr v0.0.0-20170209030335-91632201dfc8/go.mod h1:BD0gjsZrCwtoR+yWDB9v2hQ8STlq9tT84qKfa+3txOc=
golang.org/x/crypto v0.0.0-20190308221718-c2843e01d9a2/go.mod h1:djNgcEr1/C05ACkg1iLfiJU5Ep61QUkGW8qpdssI0+w=
golang.org/x/net v0.0.0-20180404174746-b3c676e531a6/go.mod h1:mL1N/T3taQHkDXs73rZJwtUhF3w3ftmwwsq0BUmARs4=
golang.org/x/net v0.0.0-20180911220305-26e67e76b6c3/go.mod h1:mL1N/T3taQHkDXs73rZJwtUhF3w3ftmwwsq0BUmARs4=
golang.org/x/net v0.0.0-20200602114024-627f9648deb9/go.mod h1:qpuaurCH72eLCgpAm/N6yyVIVM9cpaDIP3A8BGJEC5A=
golang.org/x/sys v0.0.0-20170927054621-314a259e304f/go.mod h1:STP8DvDyc/dI5b8T5hshtkjS+E42TnysNCUPdjciGhY=
golang.org/x/sys v0.0.0-20190215142949-d0b11bdaac8a/go.mod h1:STP8DvDyc/dI5b8T5hshtkjS+E42TnysNCUPdjciGhY=
golang.org/x/sys v0.0.0-20200323222414-85ca7c5b95cd/go.mod h1:h1NjWce9XRLGQEsW7wpKNCjG9DtNlClVuFLEZdDNbEs=
golang.org/x/sys v0.0.0-20200602225109-6fdc65e7d980 h1:OjiUf46hAmXblsZdnoSXsEUSKU8r1UEzcL5RVZ4gO9Y=
golang.org/x/sys v0.0.0-20200602225109-6fdc65e7d980/go.mod h1:h1NjWce9XRLGQEsW7wpKNCjG9DtNlClVuFLEZdDNbEs=
golang.org/x/text v0.3.0/go.mod h1:NqM8EUOU14njkJ3fqMW+pc6Ldnwhi/IjpwHt7yyuwOQ=
golang.org/x/xerrors v0.0.0-20191204190536-9bdfabe68543/go.mod h1:I/5z698sn9Ka8TeJc9MKroUUfqBBauWjQqLJ2OPfmY0=
gopkg.in/yaml.v2 v2.0.0-20170812160011-eb3733d160e7 h1:+t9dhfO+GNOIGJof6kPOAenx7YgrZMTdRPV+EsnPabk=
gopkg.in/yaml.v2 v2.0.0-20170812160011-eb3733d160e7/go.mod h1:JAlM8MvJe8wmxCU4Bli9HhUf9+ttbYbLASfIpnQbh74=
gotest.tools v1.4.0 h1:BjtEgfuw8Qyd+jPvQz8CfoxiO/UjFEidWinwEXZiWv0=
gotest.tools v2.2.0+incompatible h1:VsBPFP1AI068pPrMxtb/S8Zkgf9xEmTLJjfM+P5UIEo=
gotest.tools v2.2.0+incompatible/go.mod h1:DsYFclhRJ6vuDpmuTbkuFWG+y2sxOXAzmJt81HFBacw=
